// !$*UTF8*$!
{
	archiveVersion = 1;
	classes = {
	};
	objectVersion = 56;
	objects = {

/* Begin PBXBuildFile section */
		A10001 /* MoneyLogApp.swift in Sources */ = {isa = PBXBuildFile; fileRef = B10001; };
		A10002 /* Category.swift in Sources */ = {isa = PBXBuildFile; fileRef = B10002; };
		A10003 /* Expense.swift in Sources */ = {isa = PBXBuildFile; fileRef = B10003; };
		A10004 /* ExpenseStore.swift in Sources */ = {isa = PBXBuildFile; fileRef = B10004; };
		A10005 /* MainTabView.swift in Sources */ = {isa = PBXBuildFile; fileRef = B10005; };
		A10006 /* HomeView.swift in Sources */ = {isa = PBXBuildFile; fileRef = B10006; };
		A10007 /* CalendarView.swift in Sources */ = {isa = PBXBuildFile; fileRef = B10007; };
		A10008 /* QuickInputView.swift in Sources */ = {isa = PBXBuildFile; fileRef = B10008; };
		A10009 /* SettingsView.swift in Sources */ = {isa = PBXBuildFile; fileRef = B10009; };
		A10010 /* CategoryButton.swift in Sources */ = {isa = PBXBuildFile; fileRef = B10010; };
		A10011 /* ExpenseRow.swift in Sources */ = {isa = PBXBuildFile; fileRef = B10011; };
		A10012 /* AppTheme.swift in Sources */ = {isa = PBXBuildFile; fileRef = B10012; };
		A10013 /* Assets.xcassets in Resources */ = {isa = PBXBuildFile; fileRef = B10013; };
/* End PBXBuildFile section */

/* Begin PBXFileReference section */
		B10001 /* MoneyLogApp.swift */ = {isa = PBXFileReference; lastKnownFileType = sourcecode.swift; path = MoneyLogApp.swift; sourceTree = "<group>"; };
		B10002 /* Category.swift */ = {isa = PBXFileReference; lastKnownFileType = sourcecode.swift; path = Category.swift; sourceTree = "<group>"; };
		B10003 /* Expense.swift */ = {isa = PBXFileReference; lastKnownFileType = sourcecode.swift; path = Expense.swift; sourceTree = "<group>"; };
		B10004 /* ExpenseStore.swift */ = {isa = PBXFileReference; lastKnownFileType = sourcecode.swift; path = ExpenseStore.swift; sourceTree = "<group>"; };
		B10005 /* MainTabView.swift */ = {isa = PBXFileReference; lastKnownFileType = sourcecode.swift; path = MainTabView.swift; sourceTree = "<group>"; };
		B10006 /* HomeView.swift */ = {isa = PBXFileReference; lastKnownFileType = sourcecode.swift; path = HomeView.swift; sourceTree = "<group>"; };
		B10007 /* CalendarView.swift */ = {isa = PBXFileReference; lastKnownFileType = sourcecode.swift; path = CalendarView.swift; sourceTree = "<group>"; };
		B10008 /* QuickInputView.swift */ = {isa = PBXFileReference; lastKnownFileType = sourcecode.swift; path = QuickInputView.swift; sourceTree = "<group>"; };
		B10009 /* SettingsView.swift */ = {isa = PBXFileReference; lastKnownFileType = sourcecode.swift; path = SettingsView.swift; sourceTree = "<group>"; };
		B10010 /* CategoryButton.swift */ = {isa = PBXFileReference; lastKnownFileType = sourcecode.swift; path = CategoryButton.swift; sourceTree = "<group>"; };
		B10011 /* ExpenseRow.swift */ = {isa = PBXFileReference; lastKnownFileType = sourcecode.swift; path = ExpenseRow.swift; sourceTree = "<group>"; };
		B10012 /* AppTheme.swift */ = {isa = PBXFileReference; lastKnownFileType = sourcecode.swift; path = AppTheme.swift; sourceTree = "<group>"; };
		B10013 /* Assets.xcassets */ = {isa = PBXFileReference; lastKnownFileType = folder.assetcatalog; path = Assets.xcassets; sourceTree = "<group>"; };
		P10001 /* MoneyLog.app */ = {isa = PBXFileReference; explicitFileType = wrapper.application; includeInIndex = 0; path = MoneyLog.app; sourceTree = BUILT_PRODUCTS_DIR; };
/* End PBXFileReference section */

/* Begin PBXFrameworksBuildPhase section */
		F10001 /* Frameworks */ = {
			isa = PBXFrameworksBuildPhase;
			buildActionMask = 2147483647;
			files = (
			);
			runOnlyForDeploymentPostprocessing = 0;
		};
/* End PBXFrameworksBuildPhase section */

/* Begin PBXGroup section */
		G10001 = {
			isa = PBXGroup;
			children = (
				G10002 /* MoneyLog */,
				G10020 /* Products */,
			);
			sourceTree = "<group>";
		};
		G10002 /* MoneyLog */ = {
			isa = PBXGroup;
			children = (
				G10003 /* App */,
				G10004 /* Models */,
				G10005 /* ViewModels */,
				G10006 /* Views */,
				G10012 /* Components */,
				G10013 /* Theme */,
				G10014 /* Resources */,
			);
			path = MoneyLog;
			sourceTree = "<group>";
		};
		G10003 /* App */ = {
			isa = PBXGroup;
			children = (
				B10001 /* MoneyLogApp.swift */,
			);
			path = App;
			sourceTree = "<group>";
		};
		G10004 /* Models */ = {
			isa = PBXGroup;
			children = (
				B10002 /* Category.swift */,
				B10003 /* Expense.swift */,
			);
			path = Models;
			sourceTree = "<group>";
		};
		G10005 /* ViewModels */ = {
			isa = PBXGroup;
			children = (
				B10004 /* ExpenseStore.swift */,
			);
			path = ViewModels;
			sourceTree = "<group>";
		};
		G10006 /* Views */ = {
			isa = PBXGroup;
			children = (
				B10005 /* MainTabView.swift */,
				G10007 /* Home */,
				G10008 /* Calendar */,
				G10009 /* Input */,
				G10010 /* Settings */,
			);
			path = Views;
			sourceTree = "<group>";
		};
		G10007 /* Home */ = {
			isa = PBXGroup;
			children = (
				B10006 /* HomeView.swift */,
			);
			path = Home;
			sourceTree = "<group>";
		};
		G10008 /* Calendar */ = {
			isa = PBXGroup;
			children = (
				B10007 /* CalendarView.swift */,
			);
			path = Calendar;
			sourceTree = "<group>";
		};
		G10009 /* Input */ = {
			isa = PBXGroup;
			children = (
				B10008 /* QuickInputView.swift */,
			);
			path = Input;
			sourceTree = "<group>";
		};
		G10010 /* Settings */ = {
			isa = PBXGroup;
			children = (
				B10009 /* SettingsView.swift */,
			);
			path = Settings;
			sourceTree = "<group>";
		};
		G10012 /* Components */ = {
			isa = PBXGroup;
			children = (
				B10010 /* CategoryButton.swift */,
				B10011 /* ExpenseRow.swift */,
			);
			path = Components;
			sourceTree = "<group>";
		};
		G10013 /* Theme */ = {
			isa = PBXGroup;
			children = (
				B10012 /* AppTheme.swift */,
			);
			path = Theme;
			sourceTree = "<group>";
		};
		G10014 /* Resources */ = {
			isa = PBXGroup;
			children = (
				B10013 /* Assets.xcassets */,
			);
			path = Resources;
			sourceTree = "<group>";
		};
		G10020 /* Products */ = {
			isa = PBXGroup;
			children = (
				P10001 /* MoneyLog.app */,
			);
			name = Products;
			sourceTree = "<group>";
		};
/* End PBXGroup section */

/* Begin PBXNativeTarget section */
		T10001 /* MoneyLog */ = {
			isa = PBXNativeTarget;
			buildConfigurationList = C10003;
			buildPhases = (
				S10001 /* Sources */,
				F10001 /* Frameworks */,
				R10001 /* Resources */,
			);
			buildRules = (
			);
			dependencies = (
			);
			name = MoneyLog;
			productName = MoneyLog;
			productReference = P10001 /* MoneyLog.app */;
			productType = "com.apple.product-type.application";
		};
/* End PBXNativeTarget section */

/* Begin PBXProject section */
		PR0001 /* Project object */ = {
			isa = PBXProject;
			attributes = {
				BuildIndependentTargetsInParallel = 1;
				LastSwiftUpdateCheck = 1500;
				LastUpgradeCheck = 1500;
				TargetAttributes = {
					T10001 = {
						CreatedOnToolsVersion = 15.0;
					};
				};
			};
			buildConfigurationList = C10001;
			compatibilityVersion = "Xcode 14.0";
			developmentRegion = ja;
			hasScannedForEncodings = 0;
			knownRegions = (
				ja,
				Base,
			);
			mainGroup = G10001;
			productRefGroup = G10020 /* Products */;
			projectDirPath = "";
			projectRoot = "";
			targets = (
				T10001 /* MoneyLog */,
			);
		};
/* End PBXProject section */

/* Begin PBXResourcesBuildPhase section */
		R10001 /* Resources */ = {
			isa = PBXResourcesBuildPhase;
			buildActionMask = 2147483647;
			files = (
				A10013 /* Assets.xcassets in Resources */,
			);
			runOnlyForDeploymentPostprocessing = 0;
		};
/* End PBXResourcesBuildPhase section */

/* Begin PBXSourcesBuildPhase section */
		S10001 /* Sources */ = {
			isa = PBXSourcesBuildPhase;
			buildActionMask = 2147483647;
			files = (
				A10001 /* MoneyLogApp.swift in Sources */,
				A10002 /* Category.swift in Sources */,
				A10003 /* Expense.swift in Sources */,
				A10004 /* ExpenseStore.swift in Sources */,
				A10005 /* MainTabView.swift in Sources */,
				A10006 /* HomeView.swift in Sources */,
				A10007 /* CalendarView.swift in Sources */,
				A10008 /* QuickInputView.swift in Sources */,
				A10009 /* SettingsView.swift in Sources */,
				A10010 /* CategoryButton.swift in Sources */,
				A10011 /* ExpenseRow.swift in Sources */,
				A10012 /* AppTheme.swift in Sources */,
			);
			runOnlyForDeploymentPostprocessing = 0;
		};
/* End PBXSourcesBuildPhase section */

/* Begin XCBuildConfiguration section */
		BC0001 /* Debug */ = {
			isa = XCBuildConfiguration;
			buildSettings = {
				ALWAYS_SEARCH_USER_PATHS = NO;
				ASSETCATALOG_COMPILER_GENERATE_SWIFT_ASSET_SYMBOL_EXTENSIONS = YES;
				CLANG_ANALYZER_NONNULL = YES;
				CLANG_CXX_LANGUAGE_STANDARD = "gnu++20";
				CLANG_ENABLE_MODULES = YES;
				CLANG_ENABLE_OBJC_ARC = YES;
				COPY_PHASE_STRIP = NO;
				DEBUG_INFORMATION_FORMAT = dwarf;
				ENABLE_STRICT_OBJC_MSGSEND = YES;
				ENABLE_TESTABILITY = YES;
				ENABLE_USER_SCRIPT_SANDBOXING = YES;
				GCC_C_LANGUAGE_STANDARD = gnu17;
				GCC_DYNAMIC_NO_PIC = NO;
				GCC_OPTIMIZATION_LEVEL = 0;
				GCC_WARN_ABOUT_RETURN_TYPE = YES_ERROR;
				GCC_WARN_UNINITIALIZED_AUTOS = YES_AGGRESSIVE;
				MTL_ENABLE_DEBUG_INFO = INCLUDE_SOURCE;
				ONLY_ACTIVE_ARCH = YES;
				SDKROOT = iphoneos;
				SWIFT_ACTIVE_COMPILATION_CONDITIONS = "DEBUG $(inherited)";
				SWIFT_OPTIMIZATION_LEVEL = "-Onone";
			};
			name = Debug;
		};
		BC0002 /* Release */ = {
			isa = XCBuildConfiguration;
			buildSettings = {
				ALWAYS_SEARCH_USER_PATHS = NO;
				ASSETCATALOG_COMPILER_GENERATE_SWIFT_ASSET_SYMBOL_EXTENSIONS = YES;
				CLANG_ANALYZER_NONNULL = YES;
				CLANG_CXX_LANGUAGE_STANDARD = "gnu++20";
				CLANG_ENABLE_MODULES = YES;
				CLANG_ENABLE_OBJC_ARC = YES;
				COPY_PHASE_STRIP = NO;
				DEBUG_INFORMATION_FORMAT = "dwarf-with-dsym";
				ENABLE_NS_ASSERTIONS = NO;
				ENABLE_STRICT_OBJC_MSGSEND = YES;
				ENABLE_USER_SCRIPT_SANDBOXING = YES;
				GCC_C_LANGUAGE_STANDARD = gnu17;
				GCC_WARN_ABOUT_RETURN_TYPE = YES_ERROR;
				GCC_WARN_UNINITIALIZED_AUTOS = YES_AGGRESSIVE;
				MTL_ENABLE_DEBUG_INFO = NO;
				SDKROOT = iphoneos;
				SWIFT_COMPILATION_MODE = wholemodule;
				VALIDATE_PRODUCT = YES;
			};
			name = Release;
		};
		BC0003 /* Debug */ = {
			isa = XCBuildConfiguration;
			buildSettings = {
				ASSETCATALOG_COMPILER_APPICON_NAME = AppIcon;
				ASSETCATALOG_COMPILER_GLOBAL_ACCENT_COLOR_NAME = AccentColor;
				CODE_SIGN_STYLE = Automatic;
				CURRENT_PROJECT_VERSION = 1;
				DEVELOPMENT_ASSET_PATHS = "";
				ENABLE_PREVIEWS = YES;
				GENERATE_INFOPLIST_FILE = YES;
				INFOPLIST_KEY_CFBundleDisplayName = "マネーログ";
				INFOPLIST_KEY_UIApplicationSceneManifest_Generation = YES;
				INFOPLIST_KEY_UIApplicationSupportsIndirectInputEvents = YES;
				INFOPLIST_KEY_UILaunchScreen_Generation = YES;
				INFOPLIST_KEY_UISupportedInterfaceOrientations_iPad = "UIInterfaceOrientationPortrait UIInterfaceOrientationPortraitUpsideDown UIInterfaceOrientationLandscapeLeft UIInterfaceOrientationLandscapeRight";
				INFOPLIST_KEY_UISupportedInterfaceOrientations_iPhone = "UIInterfaceOrientationPortrait";
				IPHONEOS_DEPLOYMENT_TARGET = 17.0;
				LD_RUNPATH_SEARCH_PATHS = (
					"$(inherited)",
					"@executable_path/Frameworks",
				);
				MARKETING_VERSION = 0.1.0;
				PRODUCT_BUNDLE_IDENTIFIER = com.moneylog.standard;
				PRODUCT_NAME = "$(TARGET_NAME)";
				SWIFT_EMIT_LOC_STRINGS = YES;
				SWIFT_VERSION = 5.0;
				TARGETED_DEVICE_FAMILY = "1,2";
			};
			name = Debug;
		};
		BC0004 /* Release */ = {
			isa = XCBuildConfiguration;
			buildSettings = {
				ASSETCATALOG_COMPILER_APPICON_NAME = AppIcon;
				ASSETCATALOG_COMPILER_GLOBAL_ACCENT_COLOR_NAME = AccentColor;
				CODE_SIGN_STYLE = Automatic;
				CURRENT_PROJECT_VERSION = 1;
				DEVELOPMENT_ASSET_PATHS = "";
				ENABLE_PREVIEWS = YES;
				GENERATE_INFOPLIST_FILE = YES;
				INFOPLIST_KEY_CFBundleDisplayName = "マネーログ";
				INFOPLIST_KEY_UIApplicationSceneManifest_Generation = YES;
				INFOPLIST_KEY_UIApplicationSupportsIndirectInputEvents = YES;
				INFOPLIST_KEY_UILaunchScreen_Generation = YES;
				INFOPLIST_KEY_UISupportedInterfaceOrientations_iPad = "UIInterfaceOrientationPortrait UIInterfaceOrientationPortraitUpsideDown UIInterfaceOrientationLandscapeLeft UIInterfaceOrientationLandscapeRight";
				INFOPLIST_KEY_UISupportedInterfaceOrientations_iPhone = "UIInterfaceOrientationPortrait";
				IPHONEOS_DEPLOYMENT_TARGET = 17.0;
				LD_RUNPATH_SEARCH_PATHS = (
					"$(inherited)",
					"@executable_path/Frameworks",
				);
				MARKETING_VERSION = 0.1.0;
				PRODUCT_BUNDLE_IDENTIFIER = com.moneylog.standard;
				PRODUCT_NAME = "$(TARGET_NAME)";
				SWIFT_EMIT_LOC_STRINGS = YES;
				SWIFT_VERSION = 5.0;
				TARGETED_DEVICE_FAMILY = "1,2";
			};
			name = Release;
		};
/* End XCBuildConfiguration section */

/* Begin XCConfigurationList section */
		C10001 /* Build configuration list for PBXProject "MoneyLog" */ = {
			isa = XCConfigurationList;
			buildConfigurations = (
				BC0001 /* Debug */,
				BC0002 /* Release */,
			);
			defaultConfigurationIsVisible = 0;
			defaultConfigurationName = Release;
		};
		C10003 /* Build configuration list for PBXNativeTarget "MoneyLog" */ = {
			isa = XCConfigurationList;
			buildConfigurations = (
				BC0003 /* Debug */,
				BC0004 /* Release */,
			);
			defaultConfigurationIsVisible = 0;
			defaultConfigurationName = Release;
		};
/* End XCConfigurationList section */

	};
	rootObject = PR0001 /* Project object */;
}
